
Microsoft Visual Studio Solution File, Format Version 12.00
# Visual Studio Version 16
VisualStudioVersion = 16.0.30330.147
MinimumVisualStudioVersion = 10.0.40219.1
Project("{FAE04EC0-301F-11D3-BF4B-00C04F79EFBC}") = "Universal", "Universal\Universal.csproj", "{1D12B422-3687-4135-8B53-7F3968BFDC71}"
EndProject
Global
	GlobalSection(SolutionConfigurationPlatforms) = preSolution
		Debug|ARM = Debug|ARM
		Debug|ARM64 = Debug|ARM64
		Debug|x64 = Debug|x64
		Debug|x86 = Debug|x86
		Release|ARM = Release|ARM
		Release|ARM64 = Release|ARM64
		Release|x64 = Release|x64
		Release|x86 = Release|x86
	EndGlobalSection
	GlobalSection(ProjectConfigurationPlatforms) = postSolution
		{1D12B422-3687-4135-8B53-7F3968BFDC71}.Debug|ARM.ActiveCfg = Debug|ARM
		{1D12B422-3687-4135-8B53-7F3968BFDC71}.Debug|ARM.Build.0 = Debug|ARM
		{1D12B422-3687-4135-8B53-7F3968BFDC71}.Debug|ARM.Deploy.0 = Debug|ARM
		{1D12B422-3687-4135-8B53-7F3968BFDC71}.Debug|ARM64.ActiveCfg = Debug|ARM64
		{1D12B422-3687-4135-8B53-7F3968BFDC71}.Debug|ARM64.Build.0 = Debug|ARM64
		{1D12B422-3687-4135-8B53-7F3968BFDC71}.Debug|ARM64.Deploy.0 = Debug|ARM64
		{1D12B422-3687-4135-8B53-7F3968BFDC71}.Debug|x64.ActiveCfg = Debug|x64
		{1D12B422-3687-4135-8B53-7F3968BFDC71}.Debug|x64.Build.0 = Debug|x64
		{1D12B422-3687-4135-8B53-7F3968BFDC71}.Debug|x64.Deploy.0 = Debug|x64
		{1D12B422-3687-4135-8B53-7F3968BFDC71}.Debug|x86.ActiveCfg = Debug|x86
		{1D12B422-3687-4135-8B53-7F3968BFDC71}.Debug|x86.Build.0 = Debug|x86
		{1D12B422-3687-4135-8B53-7F3968BFDC71}.Debug|x86.Deploy.0 = Debug|x86
		{1D12B422-3687-4135-8B53-7F3968BFDC71}.Release|ARM.ActiveCfg = Release|ARM
		{1D12B422-3687-4135-8B53-7F3968BFDC71}.Release|ARM.Build.0 = Release|ARM
		{1D12B422-3687-4135-8B53-7F3968BFDC71}.Release|ARM.Deploy.0 = Release|ARM
		{1D12B422-3687-4135-8B53-7F3968BFDC71}.Release|ARM64.ActiveCfg = Release|ARM64
		{1D12B422-3687-4135-8B53-7F3968BFDC71}.Release|ARM64.Build.0 = Release|ARM64
		{1D12B422-3687-4135-8B53-7F3968BFDC71}.Release|ARM64.Deploy.0 = Release|ARM64
		{1D12B422-3687-4135-8B53-7F3968BFDC71}.Release|x64.ActiveCfg = Release|x64
		{1D12B422-3687-4135-8B53-7F3968BFDC71}.Release|x64.Build.0 = Release|x64
		{1D12B422-3687-4135-8B53-7F3968BFDC71}.Release|x64.Deploy.0 = Release|x64
		{1D12B422-3687-4135-8B53-7F3968BFDC71}.Release|x86.ActiveCfg = Release|x86
		{1D12B422-3687-4135-8B53-7F3968BFDC71}.Release|x86.Build.0 = Release|x86
		{1D12B422-3687-4135-8B53-7F3968BFDC71}.Release|x86.Deploy.0 = Release|x86
	EndGlobalSection
	GlobalSection(SolutionProperties) = preSolution
		HideSolutionNode = FALSE
	EndGlobalSection
	GlobalSection(ExtensibilityGlobals) = postSolution
		SolutionGuid = {45ACCB01-CA4D-4601-ADED-BD90C370A54B}
	EndGlobalSection
EndGlobal
