
Microsoft Visual Studio Solution File, Format Version 12.00
# Visual Studio Version 16
VisualStudioVersion = 16.0.30517.126
MinimumVisualStudioVersion = 10.0.40219.1
Project("{FAE04EC0-301F-11D3-BF4B-00C04F79EFBC}") = "PRATICAL", "PRATICAL\PRATICAL.csproj", "{BC98D474-2811-42E6-AB9A-3205AC8B14CF}"
EndProject
Global
	GlobalSection(SolutionConfigurationPlatforms) = preSolution
		Debug|Any CPU = Debug|Any CPU
		Release|Any CPU = Release|Any CPU
	EndGlobalSection
	GlobalSection(ProjectConfigurationPlatforms) = postSolution
		{BC98D474-2811-42E6-AB9A-3205AC8B14CF}.Debug|Any CPU.ActiveCfg = Debug|Any CPU
		{BC98D474-2811-42E6-AB9A-3205AC8B14CF}.Debug|Any CPU.Build.0 = Debug|Any CPU
		{BC98D474-2811-42E6-AB9A-3205AC8B14CF}.Release|Any CPU.ActiveCfg = Release|Any CPU
		{BC98D474-2811-42E6-AB9A-3205AC8B14CF}.Release|Any CPU.Build.0 = Release|Any CPU
	EndGlobalSection
	GlobalSection(SolutionProperties) = preSolution
		HideSolutionNode = FALSE
	EndGlobalSection
	GlobalSection(ExtensibilityGlobals) = postSolution
		SolutionGuid = {FF51AD8B-881A-479F-B635-2D5D5EE68752}
	EndGlobalSection
EndGlobal
